# platform sha256 immutable_url
#
# Each immutable release asset is fetched, checksum-verified, and embedded by `make release`.
linux_amd64 6e8793e655dc243f362fdcbe1eece2730645bf5dfad4a4fceffaaaa3ee9e548f https://github.com/sidequery/duckflight-extension/releases/download/core-v0.1.12/libduckflight_core_ffi-linux_amd64.so
linux_arm64 dd770cec2b2f726fdd1263b65aa77c6ed6276ea590f894be0336e5df7d310eab https://github.com/sidequery/duckflight-extension/releases/download/core-v0.1.12/libduckflight_core_ffi-linux_arm64.so
osx_amd64 b0299e2a52b4b81c7f7d499d1f8da26d53cbb5e8d920c8199a3efc17b82c2726 https://github.com/sidequery/duckflight-extension/releases/download/core-v0.1.12/libduckflight_core_ffi-osx_amd64.dylib
osx_arm64 9545539bfd93d123536bd9b1c13d6186fc00feae53c1ba62c746e14bbb6deade https://github.com/sidequery/duckflight-extension/releases/download/core-v0.1.12/libduckflight_core_ffi-osx_arm64.dylib
