# platform sha256 immutable_url
#
# Each immutable release asset is fetched, checksum-verified, and embedded by `make release`.
linux_amd64 78a98de39138387eea45478d97c5ced355bdbd98902d59f3c12b12e17d3ba8c1 https://github.com/sidequery/duckflight-extension/releases/download/core-v0.1.1/libduckflight_core_ffi-linux_amd64.so
linux_arm64 325217504a2f2dd0d378c65fef9c60bbc3a7ac8eddfb10a73319485276b3403a https://github.com/sidequery/duckflight-extension/releases/download/core-v0.1.1/libduckflight_core_ffi-linux_arm64.so
osx_amd64 ac36026b6cf25f1807b618fd178287c4d372fc51acf3c1f008b9e3c564b33b75 https://github.com/sidequery/duckflight-extension/releases/download/core-v0.1.1/libduckflight_core_ffi-osx_amd64.dylib
osx_arm64 4195707f0078f06943236a866c56c821f324752baf2f518b60ca6afb652a5220 https://github.com/sidequery/duckflight-extension/releases/download/core-v0.1.1/libduckflight_core_ffi-osx_arm64.dylib
